{
  "name": "ratakilometri",
  "version": "1.0.0",
  "lockfileVersion": 1,
  "requires": true,
  "dependencies": {
    "node-dijkstra": {
      "version": "2.5.0",
      "resolved": "https://registry.npmjs.org/node-dijkstra/-/node-dijkstra-2.5.0.tgz",
      "integrity": "sha1-D+t2xaBfNbVueG3m300zZK8o1Og="
    },
    "node-fetch": {
      "version": "2.1.2",
      "resolved": "https://registry.npmjs.org/node-fetch/-/node-fetch-2.1.2.tgz",
      "integrity": "sha1-q4hOjn5X44qUR1POxwb3iNF2i7U="
    }
  }
}
